
Microsoft Visual Studio Solution File, Format Version 12.00
# Visual Studio 15
VisualStudioVersion = 15.0.28307.757
MinimumVisualStudioVersion = 10.0.40219.1
Project("{FAE04EC0-301F-11D3-BF4B-00C04F79EFBC}") = "StringCalculatorExercise", "StringCalculatorExercise\StringCalculatorExercise.csproj", "{AB68748F-D10A-4E26-B7EC-53F303B9A6B4}"
EndProject
Project("{FAE04EC0-301F-11D3-BF4B-00C04F79EFBC}") = "StringCalculatorTests", "StringCalculatorTests\StringCalculatorTests.csproj", "{702F2D5C-E9E9-426C-AB67-724CC6E7E02A}"
EndProject
Global
	GlobalSection(SolutionConfigurationPlatforms) = preSolution
		Debug|Any CPU = Debug|Any CPU
		Release|Any CPU = Release|Any CPU
	EndGlobalSection
	GlobalSection(ProjectConfigurationPlatforms) = postSolution
		{AB68748F-D10A-4E26-B7EC-53F303B9A6B4}.Debug|Any CPU.ActiveCfg = Debug|Any CPU
		{AB68748F-D10A-4E26-B7EC-53F303B9A6B4}.Debug|Any CPU.Build.0 = Debug|Any CPU
		{AB68748F-D10A-4E26-B7EC-53F303B9A6B4}.Release|Any CPU.ActiveCfg = Release|Any CPU
		{AB68748F-D10A-4E26-B7EC-53F303B9A6B4}.Release|Any CPU.Build.0 = Release|Any CPU
		{702F2D5C-E9E9-426C-AB67-724CC6E7E02A}.Debug|Any CPU.ActiveCfg = Debug|Any CPU
		{702F2D5C-E9E9-426C-AB67-724CC6E7E02A}.Debug|Any CPU.Build.0 = Debug|Any CPU
		{702F2D5C-E9E9-426C-AB67-724CC6E7E02A}.Release|Any CPU.ActiveCfg = Release|Any CPU
		{702F2D5C-E9E9-426C-AB67-724CC6E7E02A}.Release|Any CPU.Build.0 = Release|Any CPU
	EndGlobalSection
	GlobalSection(SolutionProperties) = preSolution
		HideSolutionNode = FALSE
	EndGlobalSection
	GlobalSection(ExtensibilityGlobals) = postSolution
		SolutionGuid = {B292F15E-2EC7-4FCC-BFDF-6365C8307490}
	EndGlobalSection
EndGlobal
